{
  "name": "b1a895b6e0875d50",
  "lockfileVersion": 3,
  "requires": true,
  "packages": {
    "": {
      "dependencies": {
        "create-vite-init": "^1.0.32"
      }
    },
    "node_modules/create-vite-init": {
      "version": "1.0.32",
      "resolved": "https://registry.npmmirror.com/create-vite-init/-/create-vite-init-1.0.32.tgz",
      "integrity": "sha512-7CUoFE3kE8iaf9631Jf3dA/M2YrBx9oIXC3KDJRAYPGl12OCt6+CeoNj41UAutNbBsRGgGgJPtJFn4dG1oCreg==",
      "license": "MIT",
      "bin": {
        "create-vite-init": "index.js",
        "cva": "index.js"
      },
      "engines": {
        "node": "^18.0.0 || ^20.0.0 || >=22.0.0"
      },
      "funding": {
        "url": "https://github.com/vitejs/vite?sponsor=1"
      }
    }
  }
}
